
Microsoft Visual Studio Solution File, Format Version 12.00
# Visual Studio 15
VisualStudioVersion = 15.0.28307.421
MinimumVisualStudioVersion = 10.0.40219.1
Project("{9A19103F-16F7-4668-BE54-9A1E7A4F7556}") = "Catalog.API.UnitTests", "Catalog.API.Tests\Catalog.API.UnitTests.csproj", "{95EEFF98-E38C-47B5-845C-FB8ABF17E705}"
EndProject
Project("{E53339B2-1760-4266-BCC7-CA923CBCF16C}") = "docker-compose", "docker-compose.dcproj", "{65BE4368-ED43-48A7-A21B-3AE318D13D67}"
EndProject
Project("{2150E333-8FDC-42A3-9474-1A3956D46DE8}") = "API Gateways", "API Gateways", "{43E561B9-08AD-415A-BF78-0C4210D7DEA7}"
EndProject
Project("{2150E333-8FDC-42A3-9474-1A3956D46DE8}") = "Tests", "Tests", "{73C93AE2-BEC9-461A-A0B8-D32CCAF804F8}"
EndProject
Project("{9A19103F-16F7-4668-BE54-9A1E7A4F7556}") = "Capsule.API.UnitTests", "Capsule.API.UnitTests\Capsule.API.UnitTests.csproj", "{E9DAFBB4-BB5F-4276-979D-53674CB68E2A}"
EndProject
Project("{9A19103F-16F7-4668-BE54-9A1E7A4F7556}") = "Delivery.API.UnitTests", "Delivery.API.UnitTests\Delivery.API.UnitTests.csproj", "{020E2096-E52B-4287-A66B-0254EE500E3B}"
EndProject
Project("{9A19103F-16F7-4668-BE54-9A1E7A4F7556}") = "WebMVC", "WebMVC\WebMVC.csproj", "{459CCD85-75AD-4634-A4E2-438158520396}"
EndProject
Project("{9A19103F-16F7-4668-BE54-9A1E7A4F7556}") = "Delivery.API", "Delivery.API\Delivery.API.csproj", "{B52A4A83-87BC-4403-A151-B5A8350F36E4}"
EndProject
Project("{2150E333-8FDC-42A3-9474-1A3956D46DE8}") = "Microservices", "Microservices", "{B2D5CCE8-D52F-419F-84D0-EF2E6C44AC16}"
EndProject
Project("{2150E333-8FDC-42A3-9474-1A3956D46DE8}") = "Client Apps", "Client Apps", "{5622B8F0-6AFC-4677-8E25-4A949D1E2E00}"
EndProject
Project("{9A19103F-16F7-4668-BE54-9A1E7A4F7556}") = "Catalog.API", "Catalog.API\Catalog.API.csproj", "{74BA36C2-5324-4675-9C8B-151DA9D8C109}"
EndProject
Project("{9A19103F-16F7-4668-BE54-9A1E7A4F7556}") = "WebMVC.UnitTests", "WebMVC.UnitTests\WebMVC.UnitTests.csproj", "{C88E2F86-432A-45A6-AFBB-B843E6A8524C}"
EndProject
Project("{9A19103F-16F7-4668-BE54-9A1E7A4F7556}") = "Capsule.API", "Capsules.API\Capsule.API.csproj", "{17AEBA1F-7E15-4DF9-B411-AE0E8126AB2F}"
EndProject
Global
	GlobalSection(SolutionConfigurationPlatforms) = preSolution
		Debug|Any CPU = Debug|Any CPU
		Release|Any CPU = Release|Any CPU
	EndGlobalSection
	GlobalSection(ProjectConfigurationPlatforms) = postSolution
		{95EEFF98-E38C-47B5-845C-FB8ABF17E705}.Debug|Any CPU.ActiveCfg = Debug|Any CPU
		{95EEFF98-E38C-47B5-845C-FB8ABF17E705}.Debug|Any CPU.Build.0 = Debug|Any CPU
		{95EEFF98-E38C-47B5-845C-FB8ABF17E705}.Release|Any CPU.ActiveCfg = Release|Any CPU
		{95EEFF98-E38C-47B5-845C-FB8ABF17E705}.Release|Any CPU.Build.0 = Release|Any CPU
		{65BE4368-ED43-48A7-A21B-3AE318D13D67}.Debug|Any CPU.ActiveCfg = Debug|Any CPU
		{65BE4368-ED43-48A7-A21B-3AE318D13D67}.Debug|Any CPU.Build.0 = Debug|Any CPU
		{65BE4368-ED43-48A7-A21B-3AE318D13D67}.Release|Any CPU.ActiveCfg = Release|Any CPU
		{65BE4368-ED43-48A7-A21B-3AE318D13D67}.Release|Any CPU.Build.0 = Release|Any CPU
		{E9DAFBB4-BB5F-4276-979D-53674CB68E2A}.Debug|Any CPU.ActiveCfg = Debug|Any CPU
		{E9DAFBB4-BB5F-4276-979D-53674CB68E2A}.Debug|Any CPU.Build.0 = Debug|Any CPU
		{E9DAFBB4-BB5F-4276-979D-53674CB68E2A}.Release|Any CPU.ActiveCfg = Release|Any CPU
		{E9DAFBB4-BB5F-4276-979D-53674CB68E2A}.Release|Any CPU.Build.0 = Release|Any CPU
		{020E2096-E52B-4287-A66B-0254EE500E3B}.Debug|Any CPU.ActiveCfg = Debug|Any CPU
		{020E2096-E52B-4287-A66B-0254EE500E3B}.Debug|Any CPU.Build.0 = Debug|Any CPU
		{020E2096-E52B-4287-A66B-0254EE500E3B}.Release|Any CPU.ActiveCfg = Release|Any CPU
		{020E2096-E52B-4287-A66B-0254EE500E3B}.Release|Any CPU.Build.0 = Release|Any CPU
		{459CCD85-75AD-4634-A4E2-438158520396}.Debug|Any CPU.ActiveCfg = Debug|Any CPU
		{459CCD85-75AD-4634-A4E2-438158520396}.Debug|Any CPU.Build.0 = Debug|Any CPU
		{459CCD85-75AD-4634-A4E2-438158520396}.Release|Any CPU.ActiveCfg = Release|Any CPU
		{459CCD85-75AD-4634-A4E2-438158520396}.Release|Any CPU.Build.0 = Release|Any CPU
		{B52A4A83-87BC-4403-A151-B5A8350F36E4}.Debug|Any CPU.ActiveCfg = Debug|Any CPU
		{B52A4A83-87BC-4403-A151-B5A8350F36E4}.Debug|Any CPU.Build.0 = Debug|Any CPU
		{B52A4A83-87BC-4403-A151-B5A8350F36E4}.Release|Any CPU.ActiveCfg = Release|Any CPU
		{B52A4A83-87BC-4403-A151-B5A8350F36E4}.Release|Any CPU.Build.0 = Release|Any CPU
		{74BA36C2-5324-4675-9C8B-151DA9D8C109}.Debug|Any CPU.ActiveCfg = Debug|Any CPU
		{74BA36C2-5324-4675-9C8B-151DA9D8C109}.Debug|Any CPU.Build.0 = Debug|Any CPU
		{74BA36C2-5324-4675-9C8B-151DA9D8C109}.Release|Any CPU.ActiveCfg = Release|Any CPU
		{74BA36C2-5324-4675-9C8B-151DA9D8C109}.Release|Any CPU.Build.0 = Release|Any CPU
		{C88E2F86-432A-45A6-AFBB-B843E6A8524C}.Debug|Any CPU.ActiveCfg = Debug|Any CPU
		{C88E2F86-432A-45A6-AFBB-B843E6A8524C}.Debug|Any CPU.Build.0 = Debug|Any CPU
		{C88E2F86-432A-45A6-AFBB-B843E6A8524C}.Release|Any CPU.ActiveCfg = Release|Any CPU
		{C88E2F86-432A-45A6-AFBB-B843E6A8524C}.Release|Any CPU.Build.0 = Release|Any CPU
		{17AEBA1F-7E15-4DF9-B411-AE0E8126AB2F}.Debug|Any CPU.ActiveCfg = Debug|Any CPU
		{17AEBA1F-7E15-4DF9-B411-AE0E8126AB2F}.Debug|Any CPU.Build.0 = Debug|Any CPU
		{17AEBA1F-7E15-4DF9-B411-AE0E8126AB2F}.Release|Any CPU.ActiveCfg = Release|Any CPU
		{17AEBA1F-7E15-4DF9-B411-AE0E8126AB2F}.Release|Any CPU.Build.0 = Release|Any CPU
	EndGlobalSection
	GlobalSection(SolutionProperties) = preSolution
		HideSolutionNode = FALSE
	EndGlobalSection
	GlobalSection(NestedProjects) = preSolution
		{95EEFF98-E38C-47B5-845C-FB8ABF17E705} = {73C93AE2-BEC9-461A-A0B8-D32CCAF804F8}
		{E9DAFBB4-BB5F-4276-979D-53674CB68E2A} = {73C93AE2-BEC9-461A-A0B8-D32CCAF804F8}
		{020E2096-E52B-4287-A66B-0254EE500E3B} = {73C93AE2-BEC9-461A-A0B8-D32CCAF804F8}
		{459CCD85-75AD-4634-A4E2-438158520396} = {5622B8F0-6AFC-4677-8E25-4A949D1E2E00}
		{B52A4A83-87BC-4403-A151-B5A8350F36E4} = {B2D5CCE8-D52F-419F-84D0-EF2E6C44AC16}
		{74BA36C2-5324-4675-9C8B-151DA9D8C109} = {B2D5CCE8-D52F-419F-84D0-EF2E6C44AC16}
		{C88E2F86-432A-45A6-AFBB-B843E6A8524C} = {73C93AE2-BEC9-461A-A0B8-D32CCAF804F8}
		{17AEBA1F-7E15-4DF9-B411-AE0E8126AB2F} = {B2D5CCE8-D52F-419F-84D0-EF2E6C44AC16}
	EndGlobalSection
	GlobalSection(ExtensibilityGlobals) = postSolution
		SolutionGuid = {CE88C14F-BA90-425F-BBC1-8786F3616929}
	EndGlobalSection
EndGlobal
